// !$*UTF8*$!
{
	archiveVersion = 1;
	classes = {
	};
	objectVersion = 55;
	objects = {

/* Begin PBXBuildFile section */
		E39ED6562BD99FAF00840D1E /* Caching in Frameworks */ = {isa = PBXBuildFile; productRef = E39ED6552BD99FAF00840D1E /* Caching */; };
		E39ED6582BD99FAF00840D1E /* Facade in Frameworks */ = {isa = PBXBuildFile; productRef = E39ED6572BD99FAF00840D1E /* Facade */; };
		E39ED65A2BD99FAF00840D1E /* Models in Frameworks */ = {isa = PBXBuildFile; productRef = E39ED6592BD99FAF00840D1E /* Models */; };
		E39ED65C2BD99FAF00840D1E /* Networking in Frameworks */ = {isa = PBXBuildFile; productRef = E39ED65B2BD99FAF00840D1E /* Networking */; };
		F0354F2828F86E7100C9A1EC /* FlashLightsIntent.swift in Sources */ = {isa = PBXBuildFile; fileRef = F0354F2728F86E7100C9A1EC /* FlashLightsIntent.swift */; };
		F03E886128EF3A5E00DDA095 /* VehiclesListView.swift in Sources */ = {isa = PBXBuildFile; fileRef = F03E886028EF3A5E00DDA095 /* VehiclesListView.swift */; };
		F063A62A28B1723A00F5B9C5 /* TeslawesomeApp.swift in Sources */ = {isa = PBXBuildFile; fileRef = F063A62928B1723A00F5B9C5 /* TeslawesomeApp.swift */; };
		F063A62E28B1723B00F5B9C5 /* Assets.xcassets in Resources */ = {isa = PBXBuildFile; fileRef = F063A62D28B1723B00F5B9C5 /* Assets.xcassets */; };
		F063A63128B1723B00F5B9C5 /* Preview Assets.xcassets in Resources */ = {isa = PBXBuildFile; fileRef = F063A63028B1723B00F5B9C5 /* Preview Assets.xcassets */; };
		F063A64528B1723C00F5B9C5 /* TeslawsomeUITests.swift in Sources */ = {isa = PBXBuildFile; fileRef = F063A64428B1723C00F5B9C5 /* TeslawsomeUITests.swift */; };
		F063A64728B1723C00F5B9C5 /* TeslawsomeUITestsLaunchTests.swift in Sources */ = {isa = PBXBuildFile; fileRef = F063A64628B1723C00F5B9C5 /* TeslawsomeUITestsLaunchTests.swift */; };
		F063A65328B176AF00F5B9C5 /* LoginView.swift in Sources */ = {isa = PBXBuildFile; fileRef = F063A62B28B1723A00F5B9C5 /* LoginView.swift */; };
		F06EDAE928F804CC0087E69A /* TeslawesomeWatchApp.swift in Sources */ = {isa = PBXBuildFile; fileRef = F06EDAE828F804CC0087E69A /* TeslawesomeWatchApp.swift */; };
		F06EDAEB28F804CC0087E69A /* ContentView.swift in Sources */ = {isa = PBXBuildFile; fileRef = F06EDAEA28F804CC0087E69A /* ContentView.swift */; };
		F06EDAED28F804CE0087E69A /* Assets.xcassets in Resources */ = {isa = PBXBuildFile; fileRef = F06EDAEC28F804CE0087E69A /* Assets.xcassets */; };
		F06EDAF028F804CE0087E69A /* Preview Assets.xcassets in Resources */ = {isa = PBXBuildFile; fileRef = F06EDAEF28F804CE0087E69A /* Preview Assets.xcassets */; };
		F06EDAFA28F804CF0087E69A /* TeslawesomeWatch_Watch_AppTests.swift in Sources */ = {isa = PBXBuildFile; fileRef = F06EDAF928F804CF0087E69A /* TeslawesomeWatch_Watch_AppTests.swift */; };
		F06EDB0428F804CF0087E69A /* TeslawesomeWatch_Watch_AppUITests.swift in Sources */ = {isa = PBXBuildFile; fileRef = F06EDB0328F804CF0087E69A /* TeslawesomeWatch_Watch_AppUITests.swift */; };
		F06EDB0628F804CF0087E69A /* TeslawesomeWatch_Watch_AppUITestsLaunchTests.swift in Sources */ = {isa = PBXBuildFile; fileRef = F06EDB0528F804CF0087E69A /* TeslawesomeWatch_Watch_AppUITestsLaunchTests.swift */; };
		F07FCEFF29157D6F0076CFF9 /* ViewExtensions.swift in Sources */ = {isa = PBXBuildFile; fileRef = F07FCEFE29157D6F0076CFF9 /* ViewExtensions.swift */; };
		F07FCF012918529A0076CFF9 /* VehicleCommandExtension.swift in Sources */ = {isa = PBXBuildFile; fileRef = F07FCF002918529A0076CFF9 /* VehicleCommandExtension.swift */; };
		F08C2C3C28F1E4BD003925DE /* AuthenticationTokenNetworkingMiddleware.swift in Sources */ = {isa = PBXBuildFile; fileRef = F08C2C3B28F1E4BD003925DE /* AuthenticationTokenNetworkingMiddleware.swift */; };
		F08C2C3E28F2D5C6003925DE /* VehicleCommandsView.swift in Sources */ = {isa = PBXBuildFile; fileRef = F08C2C3D28F2D5C6003925DE /* VehicleCommandsView.swift */; };
		F09540C4290AC48B00391E00 /* VehicleExtensions.swift in Sources */ = {isa = PBXBuildFile; fileRef = F09540C3290AC48B00391E00 /* VehicleExtensions.swift */; };
		F0AE24C528B3B96A00B39486 /* TeslaAuthWebView.swift in Sources */ = {isa = PBXBuildFile; fileRef = F0AE24C428B3B96A00B39486 /* TeslaAuthWebView.swift */; };
		F0C32E2629350EA7000D1FC6 /* TeslawesomeTests.swift in Sources */ = {isa = PBXBuildFile; fileRef = F0354F3128F94A8500C9A1EC /* TeslawesomeTests.swift */; };
		F0C3710728F4C14200B654CA /* TaskRetry.swift in Sources */ = {isa = PBXBuildFile; fileRef = F0C3710628F4C14200B654CA /* TaskRetry.swift */; };
		F0E471AF29003948006BCC68 /* VehicleOverviewView.swift in Sources */ = {isa = PBXBuildFile; fileRef = F0E471AE29003948006BCC68 /* VehicleOverviewView.swift */; };
		F0F9063928B35E3A00D771E5 /* ComposableArchitecture in Frameworks */ = {isa = PBXBuildFile; productRef = F0F9063828B35E3A00D771E5 /* ComposableArchitecture */; };
/* End PBXBuildFile section */

/* Begin PBXContainerItemProxy section */
		F063A64128B1723C00F5B9C5 /* PBXContainerItemProxy */ = {
			isa = PBXContainerItemProxy;
			containerPortal = F063A61E28B1723A00F5B9C5 /* Project object */;
			proxyType = 1;
			remoteGlobalIDString = F063A62528B1723A00F5B9C5;
			remoteInfo = Teslawsome;
		};
		F06EDAF628F804CF0087E69A /* PBXContainerItemProxy */ = {
			isa = PBXContainerItemProxy;
			containerPortal = F063A61E28B1723A00F5B9C5 /* Project object */;
			proxyType = 1;
			remoteGlobalIDString = F06EDAE528F804CC0087E69A;
			remoteInfo = "TeslawesomeWatch Watch App";
		};
		F06EDB0028F804CF0087E69A /* PBXContainerItemProxy */ = {
			isa = PBXContainerItemProxy;
			containerPortal = F063A61E28B1723A00F5B9C5 /* Project object */;
			proxyType = 1;
			remoteGlobalIDString = F06EDAE528F804CC0087E69A;
			remoteInfo = "TeslawesomeWatch Watch App";
		};
		F0C32E2129350D9A000D1FC6 /* PBXContainerItemProxy */ = {
			isa = PBXContainerItemProxy;
			containerPortal = F063A61E28B1723A00F5B9C5 /* Project object */;
			proxyType = 1;
			remoteGlobalIDString = F063A62528B1723A00F5B9C5;
			remoteInfo = Teslawesome;
		};
/* End PBXContainerItemProxy section */

/* Begin PBXFileReference section */
		F0354F2728F86E7100C9A1EC /* FlashLightsIntent.swift */ = {isa = PBXFileReference; lastKnownFileType = sourcecode.swift; path = FlashLightsIntent.swift; sourceTree = "<group>"; };
		F0354F3128F94A8500C9A1EC /* TeslawesomeTests.swift */ = {isa = PBXFileReference; lastKnownFileType = sourcecode.swift; path = TeslawesomeTests.swift; sourceTree = "<group>"; };
		F03E886028EF3A5E00DDA095 /* VehiclesListView.swift */ = {isa = PBXFileReference; lastKnownFileType = sourcecode.swift; path = VehiclesListView.swift; sourceTree = "<group>"; };
		F05F23EE28F94DE800A90DD7 /* README.md */ = {isa = PBXFileReference; lastKnownFileType = net.daringfireball.markdown; path = README.md; sourceTree = "<group>"; };
		F063A62628B1723A00F5B9C5 /* Teslawesome.app */ = {isa = PBXFileReference; explicitFileType = wrapper.application; includeInIndex = 0; path = Teslawesome.app; sourceTree = BUILT_PRODUCTS_DIR; };
		F063A62928B1723A00F5B9C5 /* TeslawesomeApp.swift */ = {isa = PBXFileReference; lastKnownFileType = sourcecode.swift; path = TeslawesomeApp.swift; sourceTree = "<group>"; };
		F063A62B28B1723A00F5B9C5 /* LoginView.swift */ = {isa = PBXFileReference; lastKnownFileType = sourcecode.swift; path = LoginView.swift; sourceTree = "<group>"; };
		F063A62D28B1723B00F5B9C5 /* Assets.xcassets */ = {isa = PBXFileReference; lastKnownFileType = folder.assetcatalog; path = Assets.xcassets; sourceTree = "<group>"; };
		F063A63028B1723B00F5B9C5 /* Preview Assets.xcassets */ = {isa = PBXFileReference; lastKnownFileType = folder.assetcatalog; path = "Preview Assets.xcassets"; sourceTree = "<group>"; };
		F063A64028B1723C00F5B9C5 /* TeslawesomeUITests.xctest */ = {isa = PBXFileReference; explicitFileType = wrapper.cfbundle; includeInIndex = 0; path = TeslawesomeUITests.xctest; sourceTree = BUILT_PRODUCTS_DIR; };
		F063A64428B1723C00F5B9C5 /* TeslawsomeUITests.swift */ = {isa = PBXFileReference; lastKnownFileType = sourcecode.swift; path = TeslawsomeUITests.swift; sourceTree = "<group>"; };
		F063A64628B1723C00F5B9C5 /* TeslawsomeUITestsLaunchTests.swift */ = {isa = PBXFileReference; lastKnownFileType = sourcecode.swift; path = TeslawsomeUITestsLaunchTests.swift; sourceTree = "<group>"; };
		F06EDAE628F804CC0087E69A /* TeslawesomeWatch.app */ = {isa = PBXFileReference; explicitFileType = wrapper.application; includeInIndex = 0; path = TeslawesomeWatch.app; sourceTree = BUILT_PRODUCTS_DIR; };
		F06EDAE828F804CC0087E69A /* TeslawesomeWatchApp.swift */ = {isa = PBXFileReference; lastKnownFileType = sourcecode.swift; path = TeslawesomeWatchApp.swift; sourceTree = "<group>"; };
		F06EDAEA28F804CC0087E69A /* ContentView.swift */ = {isa = PBXFileReference; lastKnownFileType = sourcecode.swift; path = ContentView.swift; sourceTree = "<group>"; };
		F06EDAEC28F804CE0087E69A /* Assets.xcassets */ = {isa = PBXFileReference; lastKnownFileType = folder.assetcatalog; path = Assets.xcassets; sourceTree = "<group>"; };
		F06EDAEF28F804CE0087E69A /* Preview Assets.xcassets */ = {isa = PBXFileReference; lastKnownFileType = folder.assetcatalog; path = "Preview Assets.xcassets"; sourceTree = "<group>"; };
		F06EDAF528F804CE0087E69A /* TeslawesomeWatch AppTests.xctest */ = {isa = PBXFileReference; explicitFileType = wrapper.cfbundle; includeInIndex = 0; path = "TeslawesomeWatch AppTests.xctest"; sourceTree = BUILT_PRODUCTS_DIR; };
		F06EDAF928F804CF0087E69A /* TeslawesomeWatch_Watch_AppTests.swift */ = {isa = PBXFileReference; lastKnownFileType = sourcecode.swift; path = TeslawesomeWatch_Watch_AppTests.swift; sourceTree = "<group>"; };
		F06EDAFF28F804CF0087E69A /* TeslawesomeWatch AppUITests.xctest */ = {isa = PBXFileReference; explicitFileType = wrapper.cfbundle; includeInIndex = 0; path = "TeslawesomeWatch AppUITests.xctest"; sourceTree = BUILT_PRODUCTS_DIR; };
		F06EDB0328F804CF0087E69A /* TeslawesomeWatch_Watch_AppUITests.swift */ = {isa = PBXFileReference; lastKnownFileType = sourcecode.swift; path = TeslawesomeWatch_Watch_AppUITests.swift; sourceTree = "<group>"; };
		F06EDB0528F804CF0087E69A /* TeslawesomeWatch_Watch_AppUITestsLaunchTests.swift */ = {isa = PBXFileReference; lastKnownFileType = sourcecode.swift; path = TeslawesomeWatch_Watch_AppUITestsLaunchTests.swift; sourceTree = "<group>"; };
		F07FCEFE29157D6F0076CFF9 /* ViewExtensions.swift */ = {isa = PBXFileReference; lastKnownFileType = sourcecode.swift; path = ViewExtensions.swift; sourceTree = "<group>"; };
		F07FCF002918529A0076CFF9 /* VehicleCommandExtension.swift */ = {isa = PBXFileReference; lastKnownFileType = sourcecode.swift; path = VehicleCommandExtension.swift; sourceTree = "<group>"; };
		F08C2C3B28F1E4BD003925DE /* AuthenticationTokenNetworkingMiddleware.swift */ = {isa = PBXFileReference; lastKnownFileType = sourcecode.swift; path = AuthenticationTokenNetworkingMiddleware.swift; sourceTree = "<group>"; };
		F08C2C3D28F2D5C6003925DE /* VehicleCommandsView.swift */ = {isa = PBXFileReference; lastKnownFileType = sourcecode.swift; path = VehicleCommandsView.swift; sourceTree = "<group>"; };
		F09540C3290AC48B00391E00 /* VehicleExtensions.swift */ = {isa = PBXFileReference; lastKnownFileType = sourcecode.swift; path = VehicleExtensions.swift; sourceTree = "<group>"; };
		F0AE24C428B3B96A00B39486 /* TeslaAuthWebView.swift */ = {isa = PBXFileReference; lastKnownFileType = sourcecode.swift; path = TeslaAuthWebView.swift; sourceTree = "<group>"; };
		F0C32E1D29350D9A000D1FC6 /* TeslawesomeTests.xctest */ = {isa = PBXFileReference; explicitFileType = wrapper.cfbundle; includeInIndex = 0; path = TeslawesomeTests.xctest; sourceTree = BUILT_PRODUCTS_DIR; };
		F0C3710628F4C14200B654CA /* TaskRetry.swift */ = {isa = PBXFileReference; lastKnownFileType = sourcecode.swift; path = TaskRetry.swift; sourceTree = "<group>"; };
		F0E471AE29003948006BCC68 /* VehicleOverviewView.swift */ = {isa = PBXFileReference; lastKnownFileType = sourcecode.swift; path = VehicleOverviewView.swift; sourceTree = "<group>"; };
		F0F468F728FF3A5D001BF6F3 /* VehicleChargingView.swift */ = {isa = PBXFileReference; lastKnownFileType = sourcecode.swift; path = VehicleChargingView.swift; sourceTree = "<group>"; };
/* End PBXFileReference section */

/* Begin PBXFrameworksBuildPhase section */
		F063A62328B1723A00F5B9C5 /* Frameworks */ = {
			isa = PBXFrameworksBuildPhase;
			buildActionMask = 2147483647;
			files = (
				E39ED6562BD99FAF00840D1E /* Caching in Frameworks */,
				E39ED6582BD99FAF00840D1E /* Facade in Frameworks */,
				E39ED65A2BD99FAF00840D1E /* Models in Frameworks */,
				E39ED65C2BD99FAF00840D1E /* Networking in Frameworks */,
				F0F9063928B35E3A00D771E5 /* ComposableArchitecture in Frameworks */,
			);
			runOnlyForDeploymentPostprocessing = 0;
		};
		F063A63D28B1723C00F5B9C5 /* Frameworks */ = {
			isa = PBXFrameworksBuildPhase;
			buildActionMask = 2147483647;
			files = (
			);
			runOnlyForDeploymentPostprocessing = 0;
		};
		F06EDAE328F804CC0087E69A /* Frameworks */ = {
			isa = PBXFrameworksBuildPhase;
			buildActionMask = 2147483647;
			files = (
			);
			runOnlyForDeploymentPostprocessing = 0;
		};
		F06EDAF228F804CE0087E69A /* Frameworks */ = {
			isa = PBXFrameworksBuildPhase;
			buildActionMask = 2147483647;
			files = (
			);
			runOnlyForDeploymentPostprocessing = 0;
		};
		F06EDAFC28F804CF0087E69A /* Frameworks */ = {
			isa = PBXFrameworksBuildPhase;
			buildActionMask = 2147483647;
			files = (
			);
			runOnlyForDeploymentPostprocessing = 0;
		};
		F0C32E1A29350D9A000D1FC6 /* Frameworks */ = {
			isa = PBXFrameworksBuildPhase;
			buildActionMask = 2147483647;
			files = (
			);
			runOnlyForDeploymentPostprocessing = 0;
		};
/* End PBXFrameworksBuildPhase section */

/* Begin PBXGroup section */
		F02F809028F0687B00FF1018 /* Frameworks */ = {
			isa = PBXGroup;
			children = (
			);
			name = Frameworks;
			sourceTree = "<group>";
		};
		F0354F2628F86E5600C9A1EC /* AppIntents */ = {
			isa = PBXGroup;
			children = (
				F0354F2728F86E7100C9A1EC /* FlashLightsIntent.swift */,
			);
			path = AppIntents;
			sourceTree = "<group>";
		};
		F0354F3028F94A8500C9A1EC /* TeslawesomeTests */ = {
			isa = PBXGroup;
			children = (
				F0354F3128F94A8500C9A1EC /* TeslawesomeTests.swift */,
			);
			path = TeslawesomeTests;
			sourceTree = "<group>";
		};
		F063A61D28B1723A00F5B9C5 = {
			isa = PBXGroup;
			children = (
				F05F23EE28F94DE800A90DD7 /* README.md */,
				F063A62828B1723A00F5B9C5 /* Teslawesome */,
				F0354F3028F94A8500C9A1EC /* TeslawesomeTests */,
				F063A64328B1723C00F5B9C5 /* TeslawesomeUITests */,
				F06EDAE728F804CC0087E69A /* TeslawesomeWatch Watch App */,
				F06EDAF828F804CF0087E69A /* TeslawesomeWatch Watch AppTests */,
				F06EDB0228F804CF0087E69A /* TeslawesomeWatch Watch AppUITests */,
				F063A62728B1723A00F5B9C5 /* Products */,
				F02F809028F0687B00FF1018 /* Frameworks */,
			);
			sourceTree = "<group>";
		};
		F063A62728B1723A00F5B9C5 /* Products */ = {
			isa = PBXGroup;
			children = (
				F063A62628B1723A00F5B9C5 /* Teslawesome.app */,
				F063A64028B1723C00F5B9C5 /* TeslawesomeUITests.xctest */,
				F06EDAE628F804CC0087E69A /* TeslawesomeWatch.app */,
				F06EDAF528F804CE0087E69A /* TeslawesomeWatch AppTests.xctest */,
				F06EDAFF28F804CF0087E69A /* TeslawesomeWatch AppUITests.xctest */,
				F0C32E1D29350D9A000D1FC6 /* TeslawesomeTests.xctest */,
			);
			name = Products;
			sourceTree = "<group>";
		};
		F063A62828B1723A00F5B9C5 /* Teslawesome */ = {
			isa = PBXGroup;
			children = (
				F09540C2290AC47100391E00 /* Extensions */,
				F0354F2628F86E5600C9A1EC /* AppIntents */,
				F0C3710528F404E800B654CA /* NetworkingExtensions */,
				F0AE24C328B3B95400B39486 /* AuthView */,
				F063A62928B1723A00F5B9C5 /* TeslawesomeApp.swift */,
				F063A62B28B1723A00F5B9C5 /* LoginView.swift */,
				F0E471AE29003948006BCC68 /* VehicleOverviewView.swift */,
				F08C2C3D28F2D5C6003925DE /* VehicleCommandsView.swift */,
				F0F468F728FF3A5D001BF6F3 /* VehicleChargingView.swift */,
				F03E886028EF3A5E00DDA095 /* VehiclesListView.swift */,
				F063A62D28B1723B00F5B9C5 /* Assets.xcassets */,
				F063A62F28B1723B00F5B9C5 /* Preview Content */,
			);
			path = Teslawesome;
			sourceTree = "<group>";
		};
		F063A62F28B1723B00F5B9C5 /* Preview Content */ = {
			isa = PBXGroup;
			children = (
				F063A63028B1723B00F5B9C5 /* Preview Assets.xcassets */,
			);
			path = "Preview Content";
			sourceTree = "<group>";
		};
		F063A64328B1723C00F5B9C5 /* TeslawesomeUITests */ = {
			isa = PBXGroup;
			children = (
				F063A64428B1723C00F5B9C5 /* TeslawsomeUITests.swift */,
				F063A64628B1723C00F5B9C5 /* TeslawsomeUITestsLaunchTests.swift */,
			);
			path = TeslawesomeUITests;
			sourceTree = "<group>";
		};
		F06EDAE728F804CC0087E69A /* TeslawesomeWatch Watch App */ = {
			isa = PBXGroup;
			children = (
				F06EDAE828F804CC0087E69A /* TeslawesomeWatchApp.swift */,
				F06EDAEA28F804CC0087E69A /* ContentView.swift */,
				F06EDAEC28F804CE0087E69A /* Assets.xcassets */,
				F06EDAEE28F804CE0087E69A /* Preview Content */,
			);
			path = "TeslawesomeWatch Watch App";
			sourceTree = "<group>";
		};
		F06EDAEE28F804CE0087E69A /* Preview Content */ = {
			isa = PBXGroup;
			children = (
				F06EDAEF28F804CE0087E69A /* Preview Assets.xcassets */,
			);
			path = "Preview Content";
			sourceTree = "<group>";
		};
		F06EDAF828F804CF0087E69A /* TeslawesomeWatch Watch AppTests */ = {
			isa = PBXGroup;
			children = (
				F06EDAF928F804CF0087E69A /* TeslawesomeWatch_Watch_AppTests.swift */,
			);
			path = "TeslawesomeWatch Watch AppTests";
			sourceTree = "<group>";
		};
		F06EDB0228F804CF0087E69A /* TeslawesomeWatch Watch AppUITests */ = {
			isa = PBXGroup;
			children = (
				F06EDB0328F804CF0087E69A /* TeslawesomeWatch_Watch_AppUITests.swift */,
				F06EDB0528F804CF0087E69A /* TeslawesomeWatch_Watch_AppUITestsLaunchTests.swift */,
			);
			path = "TeslawesomeWatch Watch AppUITests";
			sourceTree = "<group>";
		};
		F09540C2290AC47100391E00 /* Extensions */ = {
			isa = PBXGroup;
			children = (
				F09540C3290AC48B00391E00 /* VehicleExtensions.swift */,
				F07FCF002918529A0076CFF9 /* VehicleCommandExtension.swift */,
				F07FCEFE29157D6F0076CFF9 /* ViewExtensions.swift */,
			);
			path = Extensions;
			sourceTree = "<group>";
		};
		F0AE24C328B3B95400B39486 /* AuthView */ = {
			isa = PBXGroup;
			children = (
				F0AE24C428B3B96A00B39486 /* TeslaAuthWebView.swift */,
			);
			path = AuthView;
			sourceTree = "<group>";
		};
		F0C3710528F404E800B654CA /* NetworkingExtensions */ = {
			isa = PBXGroup;
			children = (
				F08C2C3B28F1E4BD003925DE /* AuthenticationTokenNetworkingMiddleware.swift */,
				F0C3710628F4C14200B654CA /* TaskRetry.swift */,
			);
			path = NetworkingExtensions;
			sourceTree = "<group>";
		};
/* End PBXGroup section */

/* Begin PBXNativeTarget section */
		F063A62528B1723A00F5B9C5 /* Teslawesome */ = {
			isa = PBXNativeTarget;
			buildConfigurationList = F063A64A28B1723C00F5B9C5 /* Build configuration list for PBXNativeTarget "Teslawesome" */;
			buildPhases = (
				F063A62228B1723A00F5B9C5 /* Sources */,
				F063A62328B1723A00F5B9C5 /* Frameworks */,
				F063A62428B1723A00F5B9C5 /* Resources */,
			);
			buildRules = (
			);
			dependencies = (
			);
			name = Teslawesome;
			packageProductDependencies = (
				F0F9063828B35E3A00D771E5 /* ComposableArchitecture */,
				E39ED6552BD99FAF00840D1E /* Caching */,
				E39ED6572BD99FAF00840D1E /* Facade */,
				E39ED6592BD99FAF00840D1E /* Models */,
				E39ED65B2BD99FAF00840D1E /* Networking */,
			);
			productName = Teslawsome;
			productReference = F063A62628B1723A00F5B9C5 /* Teslawesome.app */;
			productType = "com.apple.product-type.application";
		};
		F063A63F28B1723C00F5B9C5 /* TeslawesomeUITests */ = {
			isa = PBXNativeTarget;
			buildConfigurationList = F063A65028B1723C00F5B9C5 /* Build configuration list for PBXNativeTarget "TeslawesomeUITests" */;
			buildPhases = (
				F063A63C28B1723C00F5B9C5 /* Sources */,
				F063A63D28B1723C00F5B9C5 /* Frameworks */,
				F063A63E28B1723C00F5B9C5 /* Resources */,
			);
			buildRules = (
			);
			dependencies = (
				F063A64228B1723C00F5B9C5 /* PBXTargetDependency */,
			);
			name = TeslawesomeUITests;
			productName = TeslawsomeUITests;
			productReference = F063A64028B1723C00F5B9C5 /* TeslawesomeUITests.xctest */;
			productType = "com.apple.product-type.bundle.ui-testing";
		};
		F06EDAE528F804CC0087E69A /* TeslawesomeWatch */ = {
			isa = PBXNativeTarget;
			buildConfigurationList = F06EDB0D28F804CF0087E69A /* Build configuration list for PBXNativeTarget "TeslawesomeWatch" */;
			buildPhases = (
				F06EDAE228F804CC0087E69A /* Sources */,
				F06EDAE328F804CC0087E69A /* Frameworks */,
				F06EDAE428F804CC0087E69A /* Resources */,
			);
			buildRules = (
			);
			dependencies = (
			);
			name = TeslawesomeWatch;
			productName = "TeslawesomeWatch Watch App";
			productReference = F06EDAE628F804CC0087E69A /* TeslawesomeWatch.app */;
			productType = "com.apple.product-type.application";
		};
		F06EDAF428F804CE0087E69A /* TeslawesomeWatch AppTests */ = {
			isa = PBXNativeTarget;
			buildConfigurationList = F06EDB0E28F804CF0087E69A /* Build configuration list for PBXNativeTarget "TeslawesomeWatch AppTests" */;
			buildPhases = (
				F06EDAF128F804CE0087E69A /* Sources */,
				F06EDAF228F804CE0087E69A /* Frameworks */,
				F06EDAF328F804CE0087E69A /* Resources */,
			);
			buildRules = (
			);
			dependencies = (
				F06EDAF728F804CF0087E69A /* PBXTargetDependency */,
			);
			name = "TeslawesomeWatch AppTests";
			productName = "TeslawesomeWatch Watch AppTests";
			productReference = F06EDAF528F804CE0087E69A /* TeslawesomeWatch AppTests.xctest */;
			productType = "com.apple.product-type.bundle.unit-test";
		};
		F06EDAFE28F804CF0087E69A /* TeslawesomeWatch AppUITests */ = {
			isa = PBXNativeTarget;
			buildConfigurationList = F06EDB0F28F804CF0087E69A /* Build configuration list for PBXNativeTarget "TeslawesomeWatch AppUITests" */;
			buildPhases = (
				F06EDAFB28F804CF0087E69A /* Sources */,
				F06EDAFC28F804CF0087E69A /* Frameworks */,
				F06EDAFD28F804CF0087E69A /* Resources */,
			);
			buildRules = (
			);
			dependencies = (
				F06EDB0128F804CF0087E69A /* PBXTargetDependency */,
			);
			name = "TeslawesomeWatch AppUITests";
			productName = "TeslawesomeWatch Watch AppUITests";
			productReference = F06EDAFF28F804CF0087E69A /* TeslawesomeWatch AppUITests.xctest */;
			productType = "com.apple.product-type.bundle.ui-testing";
		};
		F0C32E1C29350D9A000D1FC6 /* TeslawesomeTests */ = {
			isa = PBXNativeTarget;
			buildConfigurationList = F0C32E2329350D9A000D1FC6 /* Build configuration list for PBXNativeTarget "TeslawesomeTests" */;
			buildPhases = (
				F0C32E1929350D9A000D1FC6 /* Sources */,
				F0C32E1A29350D9A000D1FC6 /* Frameworks */,
				F0C32E1B29350D9A000D1FC6 /* Resources */,
			);
			buildRules = (
			);
			dependencies = (
				F0C32E2229350D9A000D1FC6 /* PBXTargetDependency */,
			);
			name = TeslawesomeTests;
			productName = TeslawesomeTests;
			productReference = F0C32E1D29350D9A000D1FC6 /* TeslawesomeTests.xctest */;
			productType = "com.apple.product-type.bundle.unit-test";
		};
/* End PBXNativeTarget section */

/* Begin PBXProject section */
		F063A61E28B1723A00F5B9C5 /* Project object */ = {
			isa = PBXProject;
			attributes = {
				BuildIndependentTargetsInParallel = 1;
				LastSwiftUpdateCheck = 1410;
				LastUpgradeCheck = 1530;
				TargetAttributes = {
					F063A62528B1723A00F5B9C5 = {
						CreatedOnToolsVersion = 13.4.1;
					};
					F063A63F28B1723C00F5B9C5 = {
						CreatedOnToolsVersion = 13.4.1;
						TestTargetID = F063A62528B1723A00F5B9C5;
					};
					F06EDAE528F804CC0087E69A = {
						CreatedOnToolsVersion = 14.0.1;
					};
					F06EDAF428F804CE0087E69A = {
						CreatedOnToolsVersion = 14.0.1;
						TestTargetID = F06EDAE528F804CC0087E69A;
					};
					F06EDAFE28F804CF0087E69A = {
						CreatedOnToolsVersion = 14.0.1;
						TestTargetID = F06EDAE528F804CC0087E69A;
					};
					F0C32E1C29350D9A000D1FC6 = {
						CreatedOnToolsVersion = 14.1;
						TestTargetID = F063A62528B1723A00F5B9C5;
					};
				};
			};
			buildConfigurationList = F063A62128B1723A00F5B9C5 /* Build configuration list for PBXProject "Teslawesome" */;
			compatibilityVersion = "Xcode 13.0";
			developmentRegion = en;
			hasScannedForEncodings = 0;
			knownRegions = (
				en,
				Base,
			);
			mainGroup = F063A61D28B1723A00F5B9C5;
			packageReferences = (
				F0F9063728B35E3A00D771E5 /* XCRemoteSwiftPackageReference "swift-composable-architecture" */,
			);
			productRefGroup = F063A62728B1723A00F5B9C5 /* Products */;
			projectDirPath = "";
			projectRoot = "";
			targets = (
				F063A62528B1723A00F5B9C5 /* Teslawesome */,
				F0C32E1C29350D9A000D1FC6 /* TeslawesomeTests */,
				F063A63F28B1723C00F5B9C5 /* TeslawesomeUITests */,
				F06EDAE528F804CC0087E69A /* TeslawesomeWatch */,
				F06EDAF428F804CE0087E69A /* TeslawesomeWatch AppTests */,
				F06EDAFE28F804CF0087E69A /* TeslawesomeWatch AppUITests */,
			);
		};
/* End PBXProject section */

/* Begin PBXResourcesBuildPhase section */
		F063A62428B1723A00F5B9C5 /* Resources */ = {
			isa = PBXResourcesBuildPhase;
			buildActionMask = 2147483647;
			files = (
				F063A63128B1723B00F5B9C5 /* Preview Assets.xcassets in Resources */,
				F063A62E28B1723B00F5B9C5 /* Assets.xcassets in Resources */,
			);
			runOnlyForDeploymentPostprocessing = 0;
		};
		F063A63E28B1723C00F5B9C5 /* Resources */ = {
			isa = PBXResourcesBuildPhase;
			buildActionMask = 2147483647;
			files = (
			);
			runOnlyForDeploymentPostprocessing = 0;
		};
		F06EDAE428F804CC0087E69A /* Resources */ = {
			isa = PBXResourcesBuildPhase;
			buildActionMask = 2147483647;
			files = (
				F06EDAF028F804CE0087E69A /* Preview Assets.xcassets in Resources */,
				F06EDAED28F804CE0087E69A /* Assets.xcassets in Resources */,
			);
			runOnlyForDeploymentPostprocessing = 0;
		};
		F06EDAF328F804CE0087E69A /* Resources */ = {
			isa = PBXResourcesBuildPhase;
			buildActionMask = 2147483647;
			files = (
			);
			runOnlyForDeploymentPostprocessing = 0;
		};
		F06EDAFD28F804CF0087E69A /* Resources */ = {
			isa = PBXResourcesBuildPhase;
			buildActionMask = 2147483647;
			files = (
			);
			runOnlyForDeploymentPostprocessing = 0;
		};
		F0C32E1B29350D9A000D1FC6 /* Resources */ = {
			isa = PBXResourcesBuildPhase;
			buildActionMask = 2147483647;
			files = (
			);
			runOnlyForDeploymentPostprocessing = 0;
		};
/* End PBXResourcesBuildPhase section */

/* Begin PBXSourcesBuildPhase section */
		F063A62228B1723A00F5B9C5 /* Sources */ = {
			isa = PBXSourcesBuildPhase;
			buildActionMask = 2147483647;
			files = (
				F07FCF012918529A0076CFF9 /* VehicleCommandExtension.swift in Sources */,
				F0354F2828F86E7100C9A1EC /* FlashLightsIntent.swift in Sources */,
				F03E886128EF3A5E00DDA095 /* VehiclesListView.swift in Sources */,
				F09540C4290AC48B00391E00 /* VehicleExtensions.swift in Sources */,
				F063A65328B176AF00F5B9C5 /* LoginView.swift in Sources */,
				F0AE24C528B3B96A00B39486 /* TeslaAuthWebView.swift in Sources */,
				F0C3710728F4C14200B654CA /* TaskRetry.swift in Sources */,
				F0E471AF29003948006BCC68 /* VehicleOverviewView.swift in Sources */,
				F08C2C3E28F2D5C6003925DE /* VehicleCommandsView.swift in Sources */,
				F063A62A28B1723A00F5B9C5 /* TeslawesomeApp.swift in Sources */,
				F07FCEFF29157D6F0076CFF9 /* ViewExtensions.swift in Sources */,
				F08C2C3C28F1E4BD003925DE /* AuthenticationTokenNetworkingMiddleware.swift in Sources */,
			);
			runOnlyForDeploymentPostprocessing = 0;
		};
		F063A63C28B1723C00F5B9C5 /* Sources */ = {
			isa = PBXSourcesBuildPhase;
			buildActionMask = 2147483647;
			files = (
				F063A64728B1723C00F5B9C5 /* TeslawsomeUITestsLaunchTests.swift in Sources */,
				F063A64528B1723C00F5B9C5 /* TeslawsomeUITests.swift in Sources */,
			);
			runOnlyForDeploymentPostprocessing = 0;
		};
		F06EDAE228F804CC0087E69A /* Sources */ = {
			isa = PBXSourcesBuildPhase;
			buildActionMask = 2147483647;
			files = (
				F06EDAEB28F804CC0087E69A /* ContentView.swift in Sources */,
				F06EDAE928F804CC0087E69A /* TeslawesomeWatchApp.swift in Sources */,
			);
			runOnlyForDeploymentPostprocessing = 0;
		};
		F06EDAF128F804CE0087E69A /* Sources */ = {
			isa = PBXSourcesBuildPhase;
			buildActionMask = 2147483647;
			files = (
				F06EDAFA28F804CF0087E69A /* TeslawesomeWatch_Watch_AppTests.swift in Sources */,
			);
			runOnlyForDeploymentPostprocessing = 0;
		};
		F06EDAFB28F804CF0087E69A /* Sources */ = {
			isa = PBXSourcesBuildPhase;
			buildActionMask = 2147483647;
			files = (
				F06EDB0628F804CF0087E69A /* TeslawesomeWatch_Watch_AppUITestsLaunchTests.swift in Sources */,
				F06EDB0428F804CF0087E69A /* TeslawesomeWatch_Watch_AppUITests.swift in Sources */,
			);
			runOnlyForDeploymentPostprocessing = 0;
		};
		F0C32E1929350D9A000D1FC6 /* Sources */ = {
			isa = PBXSourcesBuildPhase;
			buildActionMask = 2147483647;
			files = (
				F0C32E2629350EA7000D1FC6 /* TeslawesomeTests.swift in Sources */,
			);
			runOnlyForDeploymentPostprocessing = 0;
		};
/* End PBXSourcesBuildPhase section */

/* Begin PBXTargetDependency section */
		F063A64228B1723C00F5B9C5 /* PBXTargetDependency */ = {
			isa = PBXTargetDependency;
			target = F063A62528B1723A00F5B9C5 /* Teslawesome */;
			targetProxy = F063A64128B1723C00F5B9C5 /* PBXContainerItemProxy */;
		};
		F06EDAF728F804CF0087E69A /* PBXTargetDependency */ = {
			isa = PBXTargetDependency;
			target = F06EDAE528F804CC0087E69A /* TeslawesomeWatch */;
			targetProxy = F06EDAF628F804CF0087E69A /* PBXContainerItemProxy */;
		};
		F06EDB0128F804CF0087E69A /* PBXTargetDependency */ = {
			isa = PBXTargetDependency;
			target = F06EDAE528F804CC0087E69A /* TeslawesomeWatch */;
			targetProxy = F06EDB0028F804CF0087E69A /* PBXContainerItemProxy */;
		};
		F0C32E2229350D9A000D1FC6 /* PBXTargetDependency */ = {
			isa = PBXTargetDependency;
			target = F063A62528B1723A00F5B9C5 /* Teslawesome */;
			targetProxy = F0C32E2129350D9A000D1FC6 /* PBXContainerItemProxy */;
		};
/* End PBXTargetDependency section */

/* Begin XCBuildConfiguration section */
		F063A64828B1723C00F5B9C5 /* Debug */ = {
			isa = XCBuildConfiguration;
			buildSettings = {
				ALWAYS_SEARCH_USER_PATHS = NO;
				ASSETCATALOG_COMPILER_GENERATE_SWIFT_ASSET_SYMBOL_EXTENSIONS = YES;
				CLANG_ANALYZER_NONNULL = YES;
				CLANG_ANALYZER_NUMBER_OBJECT_CONVERSION = YES_AGGRESSIVE;
				CLANG_CXX_LANGUAGE_STANDARD = "gnu++17";
				CLANG_ENABLE_MODULES = YES;
				CLANG_ENABLE_OBJC_ARC = YES;
				CLANG_ENABLE_OBJC_WEAK = YES;
				CLANG_WARN_BLOCK_CAPTURE_AUTORELEASING = YES;
				CLANG_WARN_BOOL_CONVERSION = YES;
				CLANG_WARN_COMMA = YES;
				CLANG_WARN_CONSTANT_CONVERSION = YES;
				CLANG_WARN_DEPRECATED_OBJC_IMPLEMENTATIONS = YES;
				CLANG_WARN_DIRECT_OBJC_ISA_USAGE = YES_ERROR;
				CLANG_WARN_DOCUMENTATION_COMMENTS = YES;
				CLANG_WARN_EMPTY_BODY = YES;
				CLANG_WARN_ENUM_CONVERSION = YES;
				CLANG_WARN_INFINITE_RECURSION = YES;
				CLANG_WARN_INT_CONVERSION = YES;
				CLANG_WARN_NON_LITERAL_NULL_CONVERSION = YES;
				CLANG_WARN_OBJC_IMPLICIT_RETAIN_SELF = YES;
				CLANG_WARN_OBJC_LITERAL_CONVERSION = YES;
				CLANG_WARN_OBJC_ROOT_CLASS = YES_ERROR;
				CLANG_WARN_QUOTED_INCLUDE_IN_FRAMEWORK_HEADER = YES;
				CLANG_WARN_RANGE_LOOP_ANALYSIS = YES;
				CLANG_WARN_STRICT_PROTOTYPES = YES;
				CLANG_WARN_SUSPICIOUS_MOVE = YES;
				CLANG_WARN_UNGUARDED_AVAILABILITY = YES_AGGRESSIVE;
				CLANG_WARN_UNREACHABLE_CODE = YES;
				CLANG_WARN__DUPLICATE_METHOD_MATCH = YES;
				COPY_PHASE_STRIP = NO;
				DEBUG_INFORMATION_FORMAT = dwarf;
				ENABLE_STRICT_OBJC_MSGSEND = YES;
				ENABLE_TESTABILITY = YES;
				ENABLE_USER_SCRIPT_SANDBOXING = YES;
				GCC_C_LANGUAGE_STANDARD = gnu11;
				GCC_DYNAMIC_NO_PIC = NO;
				GCC_NO_COMMON_BLOCKS = YES;
				GCC_OPTIMIZATION_LEVEL = 0;
				GCC_PREPROCESSOR_DEFINITIONS = (
					"DEBUG=1",
					"$(inherited)",
				);
				GCC_WARN_64_TO_32_BIT_CONVERSION = YES;
				GCC_WARN_ABOUT_RETURN_TYPE = YES_ERROR;
				GCC_WARN_UNDECLARED_SELECTOR = YES;
				GCC_WARN_UNINITIALIZED_AUTOS = YES_AGGRESSIVE;
				GCC_WARN_UNUSED_FUNCTION = YES;
				GCC_WARN_UNUSED_VARIABLE = YES;
				IPHONEOS_DEPLOYMENT_TARGET = 17.0;
				MTL_ENABLE_DEBUG_INFO = INCLUDE_SOURCE;
				MTL_FAST_MATH = YES;
				ONLY_ACTIVE_ARCH = YES;
				SDKROOT = iphoneos;
				SWIFT_ACTIVE_COMPILATION_CONDITIONS = DEBUG;
				SWIFT_OPTIMIZATION_LEVEL = "-Onone";
			};
			name = Debug;
		};
		F063A64928B1723C00F5B9C5 /* Release */ = {
			isa = XCBuildConfiguration;
			buildSettings = {
				ALWAYS_SEARCH_USER_PATHS = NO;
				ASSETCATALOG_COMPILER_GENERATE_SWIFT_ASSET_SYMBOL_EXTENSIONS = YES;
				CLANG_ANALYZER_NONNULL = YES;
				CLANG_ANALYZER_NUMBER_OBJECT_CONVERSION = YES_AGGRESSIVE;
				CLANG_CXX_LANGUAGE_STANDARD = "gnu++17";
				CLANG_ENABLE_MODULES = YES;
				CLANG_ENABLE_OBJC_ARC = YES;
				CLANG_ENABLE_OBJC_WEAK = YES;
				CLANG_WARN_BLOCK_CAPTURE_AUTORELEASING = YES;
				CLANG_WARN_BOOL_CONVERSION = YES;
				CLANG_WARN_COMMA = YES;
				CLANG_WARN_CONSTANT_CONVERSION = YES;
				CLANG_WARN_DEPRECATED_OBJC_IMPLEMENTATIONS = YES;
				CLANG_WARN_DIRECT_OBJC_ISA_USAGE = YES_ERROR;
				CLANG_WARN_DOCUMENTATION_COMMENTS = YES;
				CLANG_WARN_EMPTY_BODY = YES;
				CLANG_WARN_ENUM_CONVERSION = YES;
				CLANG_WARN_INFINITE_RECURSION = YES;
				CLANG_WARN_INT_CONVERSION = YES;
				CLANG_WARN_NON_LITERAL_NULL_CONVERSION = YES;
				CLANG_WARN_OBJC_IMPLICIT_RETAIN_SELF = YES;
				CLANG_WARN_OBJC_LITERAL_CONVERSION = YES;
				CLANG_WARN_OBJC_ROOT_CLASS = YES_ERROR;
				CLANG_WARN_QUOTED_INCLUDE_IN_FRAMEWORK_HEADER = YES;
				CLANG_WARN_RANGE_LOOP_ANALYSIS = YES;
				CLANG_WARN_STRICT_PROTOTYPES = YES;
				CLANG_WARN_SUSPICIOUS_MOVE = YES;
				CLANG_WARN_UNGUARDED_AVAILABILITY = YES_AGGRESSIVE;
				CLANG_WARN_UNREACHABLE_CODE = YES;
				CLANG_WARN__DUPLICATE_METHOD_MATCH = YES;
				COPY_PHASE_STRIP = NO;
				DEBUG_INFORMATION_FORMAT = "dwarf-with-dsym";
				ENABLE_NS_ASSERTIONS = NO;
				ENABLE_STRICT_OBJC_MSGSEND = YES;
				ENABLE_USER_SCRIPT_SANDBOXING = YES;
				GCC_C_LANGUAGE_STANDARD = gnu11;
				GCC_NO_COMMON_BLOCKS = YES;
				GCC_WARN_64_TO_32_BIT_CONVERSION = YES;
				GCC_WARN_ABOUT_RETURN_TYPE = YES_ERROR;
				GCC_WARN_UNDECLARED_SELECTOR = YES;
				GCC_WARN_UNINITIALIZED_AUTOS = YES_AGGRESSIVE;
				GCC_WARN_UNUSED_FUNCTION = YES;
				GCC_WARN_UNUSED_VARIABLE = YES;
				IPHONEOS_DEPLOYMENT_TARGET = 17.0;
				MTL_ENABLE_DEBUG_INFO = NO;
				MTL_FAST_MATH = YES;
				SDKROOT = iphoneos;
				SWIFT_COMPILATION_MODE = wholemodule;
				SWIFT_OPTIMIZATION_LEVEL = "-O";
				VALIDATE_PRODUCT = YES;
			};
			name = Release;
		};
		F063A64B28B1723C00F5B9C5 /* Debug */ = {
			isa = XCBuildConfiguration;
			buildSettings = {
				ASSETCATALOG_COMPILER_APPICON_NAME = AppIcon;
				ASSETCATALOG_COMPILER_GLOBAL_ACCENT_COLOR_NAME = AccentColor;
				CODE_SIGN_STYLE = Automatic;
				CURRENT_PROJECT_VERSION = 1;
				DEVELOPMENT_ASSET_PATHS = "\"Teslawesome/Preview Content\"";
				DEVELOPMENT_TEAM = 5R5RWMF2B7;
				ENABLE_PREVIEWS = YES;
				GENERATE_INFOPLIST_FILE = YES;
				INFOPLIST_KEY_LSApplicationCategoryType = "public.app-category.utilities";
				INFOPLIST_KEY_UIApplicationSceneManifest_Generation = YES;
				INFOPLIST_KEY_UIApplicationSupportsIndirectInputEvents = YES;
				INFOPLIST_KEY_UILaunchScreen_Generation = YES;
				INFOPLIST_KEY_UISupportedInterfaceOrientations = "UIInterfaceOrientationLandscapeLeft UIInterfaceOrientationLandscapeRight UIInterfaceOrientationPortrait";
				LD_RUNPATH_SEARCH_PATHS = (
					"$(inherited)",
					"@executable_path/Frameworks",
				);
				MARKETING_VERSION = 1.0;
				PRODUCT_BUNDLE_IDENTIFIER = com.ivaylogashev.Teslawesome;
				PRODUCT_NAME = "$(TARGET_NAME)";
				SUPPORTED_PLATFORMS = "iphoneos iphonesimulator";
				SUPPORTS_MACCATALYST = NO;
				SUPPORTS_MAC_DESIGNED_FOR_IPHONE_IPAD = NO;
				SWIFT_EMIT_LOC_STRINGS = YES;
				SWIFT_VERSION = 5.0;
				TARGETED_DEVICE_FAMILY = 1;
			};
			name = Debug;
		};
		F063A64C28B1723C00F5B9C5 /* Release */ = {
			isa = XCBuildConfiguration;
			buildSettings = {
				ASSETCATALOG_COMPILER_APPICON_NAME = AppIcon;
				ASSETCATALOG_COMPILER_GLOBAL_ACCENT_COLOR_NAME = AccentColor;
				CODE_SIGN_STYLE = Automatic;
				CURRENT_PROJECT_VERSION = 1;
				DEVELOPMENT_ASSET_PATHS = "\"Teslawesome/Preview Content\"";
				DEVELOPMENT_TEAM = 5R5RWMF2B7;
				ENABLE_PREVIEWS = YES;
				GENERATE_INFOPLIST_FILE = YES;
				INFOPLIST_KEY_LSApplicationCategoryType = "public.app-category.utilities";
				INFOPLIST_KEY_UIApplicationSceneManifest_Generation = YES;
				INFOPLIST_KEY_UIApplicationSupportsIndirectInputEvents = YES;
				INFOPLIST_KEY_UILaunchScreen_Generation = YES;
				INFOPLIST_KEY_UISupportedInterfaceOrientations = "UIInterfaceOrientationLandscapeLeft UIInterfaceOrientationLandscapeRight UIInterfaceOrientationPortrait";
				LD_RUNPATH_SEARCH_PATHS = (
					"$(inherited)",
					"@executable_path/Frameworks",
				);
				MARKETING_VERSION = 1.0;
				PRODUCT_BUNDLE_IDENTIFIER = com.ivaylogashev.Teslawesome;
				PRODUCT_NAME = "$(TARGET_NAME)";
				SUPPORTED_PLATFORMS = "iphoneos iphonesimulator";
				SUPPORTS_MACCATALYST = NO;
				SUPPORTS_MAC_DESIGNED_FOR_IPHONE_IPAD = NO;
				SWIFT_EMIT_LOC_STRINGS = YES;
				SWIFT_VERSION = 5.0;
				TARGETED_DEVICE_FAMILY = 1;
			};
			name = Release;
		};
		F063A65128B1723C00F5B9C5 /* Debug */ = {
			isa = XCBuildConfiguration;
			buildSettings = {
				ALWAYS_EMBED_SWIFT_STANDARD_LIBRARIES = YES;
				CODE_SIGN_STYLE = Automatic;
				CURRENT_PROJECT_VERSION = 1;
				DEVELOPMENT_TEAM = 5R5RWMF2B7;
				GENERATE_INFOPLIST_FILE = YES;
				MARKETING_VERSION = 1.0;
				PRODUCT_BUNDLE_IDENTIFIER = com.ivaylogashev.TeslawesomeUITests;
				PRODUCT_NAME = "$(TARGET_NAME)";
				SUPPORTED_PLATFORMS = "iphoneos iphonesimulator";
				SUPPORTS_MACCATALYST = NO;
				SUPPORTS_MAC_DESIGNED_FOR_IPHONE_IPAD = NO;
				SWIFT_EMIT_LOC_STRINGS = NO;
				SWIFT_VERSION = 5.0;
				TARGETED_DEVICE_FAMILY = 1;
			};
			name = Debug;
		};
		F063A65228B1723C00F5B9C5 /* Release */ = {
			isa = XCBuildConfiguration;
			buildSettings = {
				ALWAYS_EMBED_SWIFT_STANDARD_LIBRARIES = YES;
				CODE_SIGN_STYLE = Automatic;
				CURRENT_PROJECT_VERSION = 1;
				DEVELOPMENT_TEAM = 5R5RWMF2B7;
				GENERATE_INFOPLIST_FILE = YES;
				MARKETING_VERSION = 1.0;
				PRODUCT_BUNDLE_IDENTIFIER = com.ivaylogashev.TeslawesomeUITests;
				PRODUCT_NAME = "$(TARGET_NAME)";
				SUPPORTED_PLATFORMS = "iphoneos iphonesimulator";
				SUPPORTS_MACCATALYST = NO;
				SUPPORTS_MAC_DESIGNED_FOR_IPHONE_IPAD = NO;
				SWIFT_EMIT_LOC_STRINGS = NO;
				SWIFT_VERSION = 5.0;
				TARGETED_DEVICE_FAMILY = 1;
			};
			name = Release;
		};
		F06EDB0728F804CF0087E69A /* Debug */ = {
			isa = XCBuildConfiguration;
			buildSettings = {
				ASSETCATALOG_COMPILER_APPICON_NAME = AppIcon;
				ASSETCATALOG_COMPILER_GLOBAL_ACCENT_COLOR_NAME = AccentColor;
				CLANG_CXX_LANGUAGE_STANDARD = "gnu++20";
				CODE_SIGN_STYLE = Automatic;
				CURRENT_PROJECT_VERSION = 1;
				DEVELOPMENT_ASSET_PATHS = "\"TeslawesomeWatch Watch App/Preview Content\"";
				DEVELOPMENT_TEAM = 5R5RWMF2B7;
				ENABLE_PREVIEWS = YES;
				GENERATE_INFOPLIST_FILE = YES;
				INFOPLIST_KEY_CFBundleDisplayName = TeslawesomeWatch;
				INFOPLIST_KEY_UISupportedInterfaceOrientations = "UIInterfaceOrientationPortrait UIInterfaceOrientationPortraitUpsideDown";
				INFOPLIST_KEY_WKCompanionAppBundleIdentifier = com.igashev;
				LD_RUNPATH_SEARCH_PATHS = (
					"$(inherited)",
					"@executable_path/Frameworks",
				);
				MARKETING_VERSION = 1.0;
				PRODUCT_BUNDLE_IDENTIFIER = com.igashev.TeslawesomeWatch;
				PRODUCT_NAME = "$(TARGET_NAME)";
				SDKROOT = watchos;
				SKIP_INSTALL = YES;
				SWIFT_EMIT_LOC_STRINGS = YES;
				SWIFT_VERSION = 5.0;
				TARGETED_DEVICE_FAMILY = 4;
				WATCHOS_DEPLOYMENT_TARGET = 9.0;
			};
			name = Debug;
		};
		F06EDB0828F804CF0087E69A /* Release */ = {
			isa = XCBuildConfiguration;
			buildSettings = {
				ASSETCATALOG_COMPILER_APPICON_NAME = AppIcon;
				ASSETCATALOG_COMPILER_GLOBAL_ACCENT_COLOR_NAME = AccentColor;
				CLANG_CXX_LANGUAGE_STANDARD = "gnu++20";
				CODE_SIGN_STYLE = Automatic;
				CURRENT_PROJECT_VERSION = 1;
				DEVELOPMENT_ASSET_PATHS = "\"TeslawesomeWatch Watch App/Preview Content\"";
				DEVELOPMENT_TEAM = 5R5RWMF2B7;
				ENABLE_PREVIEWS = YES;
				GENERATE_INFOPLIST_FILE = YES;
				INFOPLIST_KEY_CFBundleDisplayName = TeslawesomeWatch;
				INFOPLIST_KEY_UISupportedInterfaceOrientations = "UIInterfaceOrientationPortrait UIInterfaceOrientationPortraitUpsideDown";
				INFOPLIST_KEY_WKCompanionAppBundleIdentifier = com.igashev;
				LD_RUNPATH_SEARCH_PATHS = (
					"$(inherited)",
					"@executable_path/Frameworks",
				);
				MARKETING_VERSION = 1.0;
				PRODUCT_BUNDLE_IDENTIFIER = com.igashev.TeslawesomeWatch;
				PRODUCT_NAME = "$(TARGET_NAME)";
				SDKROOT = watchos;
				SKIP_INSTALL = YES;
				SWIFT_EMIT_LOC_STRINGS = YES;
				SWIFT_VERSION = 5.0;
				TARGETED_DEVICE_FAMILY = 4;
				WATCHOS_DEPLOYMENT_TARGET = 9.0;
			};
			name = Release;
		};
		F06EDB0928F804CF0087E69A /* Debug */ = {
			isa = XCBuildConfiguration;
			buildSettings = {
				ALWAYS_EMBED_SWIFT_STANDARD_LIBRARIES = YES;
				BUNDLE_LOADER = "$(TEST_HOST)";
				CLANG_CXX_LANGUAGE_STANDARD = "gnu++20";
				CODE_SIGN_STYLE = Automatic;
				CURRENT_PROJECT_VERSION = 1;
				DEVELOPMENT_TEAM = 5R5RWMF2B7;
				GENERATE_INFOPLIST_FILE = YES;
				MARKETING_VERSION = 1.0;
				PRODUCT_BUNDLE_IDENTIFIER = com.igashev.TeslawesomeWatchTests;
				PRODUCT_NAME = "$(TARGET_NAME)";
				SDKROOT = watchos;
				SWIFT_EMIT_LOC_STRINGS = NO;
				SWIFT_VERSION = 5.0;
				TARGETED_DEVICE_FAMILY = 4;
				TEST_HOST = "$(BUILT_PRODUCTS_DIR)/TeslawesomeWatch Watch App.app/$(BUNDLE_EXECUTABLE_FOLDER_PATH)/TeslawesomeWatch Watch App";
				WATCHOS_DEPLOYMENT_TARGET = 9.0;
			};
			name = Debug;
		};
		F06EDB0A28F804CF0087E69A /* Release */ = {
			isa = XCBuildConfiguration;
			buildSettings = {
				ALWAYS_EMBED_SWIFT_STANDARD_LIBRARIES = YES;
				BUNDLE_LOADER = "$(TEST_HOST)";
				CLANG_CXX_LANGUAGE_STANDARD = "gnu++20";
				CODE_SIGN_STYLE = Automatic;
				CURRENT_PROJECT_VERSION = 1;
				DEVELOPMENT_TEAM = 5R5RWMF2B7;
				GENERATE_INFOPLIST_FILE = YES;
				MARKETING_VERSION = 1.0;
				PRODUCT_BUNDLE_IDENTIFIER = com.igashev.TeslawesomeWatchTests;
				PRODUCT_NAME = "$(TARGET_NAME)";
				SDKROOT = watchos;
				SWIFT_EMIT_LOC_STRINGS = NO;
				SWIFT_VERSION = 5.0;
				TARGETED_DEVICE_FAMILY = 4;
				TEST_HOST = "$(BUILT_PRODUCTS_DIR)/TeslawesomeWatch Watch App.app/$(BUNDLE_EXECUTABLE_FOLDER_PATH)/TeslawesomeWatch Watch App";
				WATCHOS_DEPLOYMENT_TARGET = 9.0;
			};
			name = Release;
		};
		F06EDB0B28F804CF0087E69A /* Debug */ = {
			isa = XCBuildConfiguration;
			buildSettings = {
				ALWAYS_EMBED_SWIFT_STANDARD_LIBRARIES = YES;
				CLANG_CXX_LANGUAGE_STANDARD = "gnu++20";
				CODE_SIGN_STYLE = Automatic;
				CURRENT_PROJECT_VERSION = 1;
				DEVELOPMENT_TEAM = 5R5RWMF2B7;
				GENERATE_INFOPLIST_FILE = YES;
				MARKETING_VERSION = 1.0;
				PRODUCT_BUNDLE_IDENTIFIER = com.igashev.TeslawesomeWatchUITests;
				PRODUCT_NAME = "$(TARGET_NAME)";
				SDKROOT = watchos;
				SWIFT_EMIT_LOC_STRINGS = NO;
				SWIFT_VERSION = 5.0;
				TARGETED_DEVICE_FAMILY = 4;
				TEST_TARGET_NAME = "TeslawesomeWatch Watch App";
				WATCHOS_DEPLOYMENT_TARGET = 9.0;
			};
			name = Debug;
		};
		F06EDB0C28F804CF0087E69A /* Release */ = {
			isa = XCBuildConfiguration;
			buildSettings = {
				ALWAYS_EMBED_SWIFT_STANDARD_LIBRARIES = YES;
				CLANG_CXX_LANGUAGE_STANDARD = "gnu++20";
				CODE_SIGN_STYLE = Automatic;
				CURRENT_PROJECT_VERSION = 1;
				DEVELOPMENT_TEAM = 5R5RWMF2B7;
				GENERATE_INFOPLIST_FILE = YES;
				MARKETING_VERSION = 1.0;
				PRODUCT_BUNDLE_IDENTIFIER = com.igashev.TeslawesomeWatchUITests;
				PRODUCT_NAME = "$(TARGET_NAME)";
				SDKROOT = watchos;
				SWIFT_EMIT_LOC_STRINGS = NO;
				SWIFT_VERSION = 5.0;
				TARGETED_DEVICE_FAMILY = 4;
				TEST_TARGET_NAME = "TeslawesomeWatch Watch App";
				WATCHOS_DEPLOYMENT_TARGET = 9.0;
			};
			name = Release;
		};
		F0C32E2429350D9A000D1FC6 /* Debug */ = {
			isa = XCBuildConfiguration;
			buildSettings = {
				BUNDLE_LOADER = "$(TEST_HOST)";
				CLANG_CXX_LANGUAGE_STANDARD = "gnu++20";
				CODE_SIGN_STYLE = Automatic;
				CURRENT_PROJECT_VERSION = 1;
				GENERATE_INFOPLIST_FILE = YES;
				IPHONEOS_DEPLOYMENT_TARGET = 16.1;
				MARKETING_VERSION = 1.0;
				PRODUCT_BUNDLE_IDENTIFIER = com.ivaylogashev.TeslawesomeUnitTests.TeslawesomeTests;
				PRODUCT_NAME = "$(TARGET_NAME)";
				SUPPORTED_PLATFORMS = "iphoneos iphonesimulator";
				SUPPORTS_MACCATALYST = NO;
				SUPPORTS_MAC_DESIGNED_FOR_IPHONE_IPAD = NO;
				SWIFT_EMIT_LOC_STRINGS = NO;
				SWIFT_VERSION = 5.0;
				TARGETED_DEVICE_FAMILY = 1;
				TEST_HOST = "$(BUILT_PRODUCTS_DIR)/Teslawesome.app/$(BUNDLE_EXECUTABLE_FOLDER_PATH)/Teslawesome";
			};
			name = Debug;
		};
		F0C32E2529350D9A000D1FC6 /* Release */ = {
			isa = XCBuildConfiguration;
			buildSettings = {
				BUNDLE_LOADER = "$(TEST_HOST)";
				CLANG_CXX_LANGUAGE_STANDARD = "gnu++20";
				CODE_SIGN_STYLE = Automatic;
				CURRENT_PROJECT_VERSION = 1;
				GENERATE_INFOPLIST_FILE = YES;
				IPHONEOS_DEPLOYMENT_TARGET = 16.1;
				MARKETING_VERSION = 1.0;
				PRODUCT_BUNDLE_IDENTIFIER = com.ivaylogashev.TeslawesomeUnitTests.TeslawesomeTests;
				PRODUCT_NAME = "$(TARGET_NAME)";
				SUPPORTED_PLATFORMS = "iphoneos iphonesimulator";
				SUPPORTS_MACCATALYST = NO;
				SUPPORTS_MAC_DESIGNED_FOR_IPHONE_IPAD = NO;
				SWIFT_EMIT_LOC_STRINGS = NO;
				SWIFT_VERSION = 5.0;
				TARGETED_DEVICE_FAMILY = 1;
				TEST_HOST = "$(BUILT_PRODUCTS_DIR)/Teslawesome.app/$(BUNDLE_EXECUTABLE_FOLDER_PATH)/Teslawesome";
			};
			name = Release;
		};
/* End XCBuildConfiguration section */

/* Begin XCConfigurationList section */
		F063A62128B1723A00F5B9C5 /* Build configuration list for PBXProject "Teslawesome" */ = {
			isa = XCConfigurationList;
			buildConfigurations = (
				F063A64828B1723C00F5B9C5 /* Debug */,
				F063A64928B1723C00F5B9C5 /* Release */,
			);
			defaultConfigurationIsVisible = 0;
			defaultConfigurationName = Release;
		};
		F063A64A28B1723C00F5B9C5 /* Build configuration list for PBXNativeTarget "Teslawesome" */ = {
			isa = XCConfigurationList;
			buildConfigurations = (
				F063A64B28B1723C00F5B9C5 /* Debug */,
				F063A64C28B1723C00F5B9C5 /* Release */,
			);
			defaultConfigurationIsVisible = 0;
			defaultConfigurationName = Release;
		};
		F063A65028B1723C00F5B9C5 /* Build configuration list for PBXNativeTarget "TeslawesomeUITests" */ = {
			isa = XCConfigurationList;
			buildConfigurations = (
				F063A65128B1723C00F5B9C5 /* Debug */,
				F063A65228B1723C00F5B9C5 /* Release */,
			);
			defaultConfigurationIsVisible = 0;
			defaultConfigurationName = Release;
		};
		F06EDB0D28F804CF0087E69A /* Build configuration list for PBXNativeTarget "TeslawesomeWatch" */ = {
			isa = XCConfigurationList;
			buildConfigurations = (
				F06EDB0728F804CF0087E69A /* Debug */,
				F06EDB0828F804CF0087E69A /* Release */,
			);
			defaultConfigurationIsVisible = 0;
			defaultConfigurationName = Release;
		};
		F06EDB0E28F804CF0087E69A /* Build configuration list for PBXNativeTarget "TeslawesomeWatch AppTests" */ = {
			isa = XCConfigurationList;
			buildConfigurations = (
				F06EDB0928F804CF0087E69A /* Debug */,
				F06EDB0A28F804CF0087E69A /* Release */,
			);
			defaultConfigurationIsVisible = 0;
			defaultConfigurationName = Release;
		};
		F06EDB0F28F804CF0087E69A /* Build configuration list for PBXNativeTarget "TeslawesomeWatch AppUITests" */ = {
			isa = XCConfigurationList;
			buildConfigurations = (
				F06EDB0B28F804CF0087E69A /* Debug */,
				F06EDB0C28F804CF0087E69A /* Release */,
			);
			defaultConfigurationIsVisible = 0;
			defaultConfigurationName = Release;
		};
		F0C32E2329350D9A000D1FC6 /* Build configuration list for PBXNativeTarget "TeslawesomeTests" */ = {
			isa = XCConfigurationList;
			buildConfigurations = (
				F0C32E2429350D9A000D1FC6 /* Debug */,
				F0C32E2529350D9A000D1FC6 /* Release */,
			);
			defaultConfigurationIsVisible = 0;
			defaultConfigurationName = Release;
		};
/* End XCConfigurationList section */

/* Begin XCRemoteSwiftPackageReference section */
		F0F9063728B35E3A00D771E5 /* XCRemoteSwiftPackageReference "swift-composable-architecture" */ = {
			isa = XCRemoteSwiftPackageReference;
			repositoryURL = "https://github.com/pointfreeco/swift-composable-architecture.git";
			requirement = {
				kind = exactVersion;
				version = 1.9.3;
			};
		};
/* End XCRemoteSwiftPackageReference section */

/* Begin XCSwiftPackageProductDependency section */
		E39ED6552BD99FAF00840D1E /* Caching */ = {
			isa = XCSwiftPackageProductDependency;
			productName = Caching;
		};
		E39ED6572BD99FAF00840D1E /* Facade */ = {
			isa = XCSwiftPackageProductDependency;
			productName = Facade;
		};
		E39ED6592BD99FAF00840D1E /* Models */ = {
			isa = XCSwiftPackageProductDependency;
			productName = Models;
		};
		E39ED65B2BD99FAF00840D1E /* Networking */ = {
			isa = XCSwiftPackageProductDependency;
			productName = Networking;
		};
		F0F9063828B35E3A00D771E5 /* ComposableArchitecture */ = {
			isa = XCSwiftPackageProductDependency;
			package = F0F9063728B35E3A00D771E5 /* XCRemoteSwiftPackageReference "swift-composable-architecture" */;
			productName = ComposableArchitecture;
		};
/* End XCSwiftPackageProductDependency section */
	};
	rootObject = F063A61E28B1723A00F5B9C5 /* Project object */;
}
